{
  "version": "5",
  "specifiers": {
    "npm:three@0.169.0": "0.169.0"
  },
  "npm": {
    "three@0.169.0": {
      "integrity": "sha512-Ed906MA3dR4TS5riErd4QBsRGPcx+HBDX2O5yYE5GqJeFQTPU+M56Va/f/Oph9X7uZo3W3o4l2ZhBZ6f6qUv0w=="
    }
  },
  "workspace": {
    "packageJson": {
      "dependencies": [
        "npm:three@0.169.0"
      ]
    }
  }
}
