{
  "version": "5",
  "specifiers": {
    "jsr:@std/encoding@1": "1.0.11",
    "jsr:@std/fs@1": "1.0.24",
    "jsr:@std/http@1": "1.1.4",
    "jsr:@std/internal@^1.0.14": "1.0.14",
    "jsr:@std/json@^1.1.0": "1.1.0",
    "jsr:@std/jsonc@1": "1.0.3",
    "jsr:@std/media-types@1": "1.1.0",
    "jsr:@std/path@1": "1.1.6",
    "jsr:@std/path@^1.1.5": "1.1.6",
    "npm:@node-rs/crc32@1.10.8": "1.10.8",
    "npm:ws@8": "8.21.3"
  },
  "jsr": {
    "@std/encoding@1.0.11": {
      "integrity": "e7cef2f0b3153bccc17431e7c864a1de03a4b6d9647389c43e08aaa775d37385"
    },
    "@std/fs@1.0.24": {
      "integrity": "f3061b45b81673a2bece689da041df32d174be064c89eb6397fb5718d3fb7877",
      "dependencies": [
        "jsr:@std/internal",
        "jsr:@std/path@^1.1.5"
      ]
    },
    "@std/http@1.1.4": {
      "integrity": "4f1575226ca7c0df1df38b26d50265fed30869b2a63ab867edc5b92492150c8c"
    },
    "@std/internal@1.0.14": {
      "integrity": "291516b3d4c35024d6ffbc0a9df5bf4c64116e05b50012cf846710152d2ffdf7"
    },
    "@std/json@1.1.0": {
      "integrity": "93330d3ed4054d6b1ffe54b075432c80a5f671be77277b978931e018014cb1cc"
    },
    "@std/jsonc@1.0.3": {
      "integrity": "9a4bb168c6b64e8e89944e45f96390a6e6e6865f59f02f0a70b24653911f2d64",
      "dependencies": [
        "jsr:@std/json"
      ]
    },
    "@std/media-types@1.1.0": {
      "integrity": "c9d093f0c05c3512932b330e3cc1fe1d627b301db33a4c2c2185c02471d6eaa4"
    },
    "@std/path@1.1.6": {
      "integrity": "c68485c2a4dfbb5ae3cc74fae4e8c4e5d874cf8a8ed12927917235c758b46cbe",
      "dependencies": [
        "jsr:@std/internal"
      ]
    }
  },
  "npm": {
    "@node-rs/crc32-android-arm-eabi@1.10.8": {
      "integrity": "sha512-Ed2P9uQAOlOSveuPKSlmCctcZ73+9VIBTD84F8MjfKU26q33Y0hYlcl9vlzfc9UQX7LLMGEZhOuU1xxYtx49tg==",
      "os": ["android"],
      "cpu": ["arm"]
    },
    "@node-rs/crc32-android-arm64@1.10.8": {
      "integrity": "sha512-gvEOdU8tkSwK2McdlMeXDoyqtvJFPYShNopJtGaGMNoltN5EzFOsM/7XKF3rk9JLQ9GnZHQrCxur0Cksonow2A==",
      "os": ["android"],
      "cpu": ["arm64"]
    },
    "@node-rs/crc32-darwin-arm64@1.10.8": {
      "integrity": "sha512-ylDspj/s3i+FCdTGoLZtOBsbR2PvAsI5taJDE5Pl7kDgeKX7IywdAYQtkh2orvTs0RqCjcnIBxrCDI/O/r+z1g==",
      "os": ["darwin"],
      "cpu": ["arm64"]
    },
    "@node-rs/crc32-darwin-x64@1.10.8": {
      "integrity": "sha512-DVTORLWomcx7F0CxQxlfBszAcMh8IkNGx/hgYHQ4iDnuf/uVjhs7l1hoVBghPymdFxP129+I/+b1WoQBbTJzaQ==",
      "os": ["darwin"],
      "cpu": ["x64"]
    },
    "@node-rs/crc32-freebsd-x64@1.10.8": {
      "integrity": "sha512-ZzuW7RS9VFy7zD64YUFI2dK6tJrlAFfe1NBuNx/ouKZ6SK+NHW5F8hxZNrZCkv2XB7QyZk9wZ53oJ20PKylQTw==",
      "os": ["freebsd"],
      "cpu": ["x64"]
    },
    "@node-rs/crc32-linux-arm-gnueabihf@1.10.8": {
      "integrity": "sha512-5/2kW7V4KMV3o37ApvcnF4Pk11luzLnd38kQZowVCw5D/xGlCByEQOODfJHX9pv0C+4hp+8Dosul06RODjPEUw==",
      "os": ["linux"],
      "cpu": ["arm"]
    },
    "@node-rs/crc32-linux-arm64-gnu@1.10.8": {
      "integrity": "sha512-Vr1P3+WF+RsUVI8CNLiunl1vuzdpgTR1sf9PxgQFr3o//hh2KdqJeU4zZsFVTn+GbGZtqvRoba0wi8nKMzRLeg==",
      "os": ["linux"],
      "cpu": ["arm64"]
    },
    "@node-rs/crc32-linux-arm64-musl@1.10.8": {
      "integrity": "sha512-eS8YXANJLBqdOzf5jCNVEXiDI4wjXVqQybaJextJJINvHhnhhOXPar8402GMagewOxGxYsy4C69G8rBIzqL4cg==",
      "os": ["linux"],
      "cpu": ["arm64"]
    },
    "@node-rs/crc32-linux-x64-gnu@1.10.8": {
      "integrity": "sha512-DFd0eV47MAykz4PQDcBSlEvY3CtXqPt2gkBpvPngCpOUoIJgEk9tKtPjEgUwLatMkvsy4fEvAg7gckGickOyEw==",
      "os": ["linux"],
      "cpu": ["x64"]
    },
    "@node-rs/crc32-linux-x64-musl@1.10.8": {
      "integrity": "sha512-U7fP8FjDQuOb61YoT8EoWDIJ9x40ZrCzM6OcAH1wqYiu9Z94U14S+i8KwTC7YorotGtICdYZ/APn1eI8vNne5w==",
      "os": ["linux"],
      "cpu": ["x64"]
    },
    "@node-rs/crc32-win32-arm64-msvc@1.10.8": {
      "integrity": "sha512-VJezyT9OWnMPnArDR5ok0ARLemiL83LLNYh4MC++oHoLegqzyBllqNlO8fVp2PmczGkn+rfKkZbtG4w3MQ6BbQ==",
      "os": ["win32"],
      "cpu": ["arm64"]
    },
    "@node-rs/crc32-win32-ia32-msvc@1.10.8": {
      "integrity": "sha512-01HooQK7WiG07/vvp0XzRnqSC5cvXvQ1MsQwlH9wwMWZ9qqHRO1j08cSeSt7DM4eALNisfX83bjqqrHzSKI9Iw==",
      "os": ["win32"],
      "cpu": ["ia32"]
    },
    "@node-rs/crc32-win32-x64-msvc@1.10.8": {
      "integrity": "sha512-4O6G7yme7s98LUGwiqW7q2QqYmWD2IRQvV+q7+S4vjkUWiXUMbP8QEPYP9cF2WEQSdXCkyDEqDW10zeUdniPRA==",
      "os": ["win32"],
      "cpu": ["x64"]
    },
    "@node-rs/crc32@1.10.8": {
      "integrity": "sha512-gOYKFwkojSdWrSmreCcGocRcAXSpRkNZYxv6nscmtddSWBKVGypdMbfLxu5qgmymdaCNApajuwZblYEfs7HswA==",
      "optionalDependencies": [
        "@node-rs/crc32-android-arm-eabi",
        "@node-rs/crc32-android-arm64",
        "@node-rs/crc32-darwin-arm64",
        "@node-rs/crc32-darwin-x64",
        "@node-rs/crc32-freebsd-x64",
        "@node-rs/crc32-linux-arm-gnueabihf",
        "@node-rs/crc32-linux-arm64-gnu",
        "@node-rs/crc32-linux-arm64-musl",
        "@node-rs/crc32-linux-x64-gnu",
        "@node-rs/crc32-linux-x64-musl",
        "@node-rs/crc32-win32-arm64-msvc",
        "@node-rs/crc32-win32-ia32-msvc",
        "@node-rs/crc32-win32-x64-msvc"
      ]
    },
    "ws@8.21.3": {
      "integrity": "sha512-201TZ/kPWxoPr/OKWjquZR1SWKXcvxdH+e1xrx89b3YbmzLMFCLfnaG1HFIgWzJOEWZ7MvpK++odZufgYR50Rw=="
    }
  },
  "workspace": {
    "dependencies": [
      "jsr:@std/path@1",
      "npm:@node-rs/crc32@1.10.8"
    ],
    "links": {
      "jsr:@denext/avif@0.1.2": {},
      "jsr:@denext/content-collections@0.4.0": {
        "dependencies": [
          "jsr:@denext/denext@^3.0.2",
          "jsr:@std/front-matter@1",
          "jsr:@std/fs@1",
          "jsr:@std/path@1",
          "jsr:@std/yaml@1"
        ]
      },
      "jsr:@denext/denext@3.0.2": {
        "dependencies": [
          "jsr:@astral/astral@~0.5.3",
          "jsr:@denext/lightningcss@^1.0.0-rc.72",
          "jsr:@denext/swc@76",
          "jsr:@luca/esbuild-deno-loader@0.11",
          "jsr:@std/assert@1",
          "jsr:@std/async@1",
          "jsr:@std/encoding@1",
          "jsr:@std/fs@1",
          "jsr:@std/http@1",
          "jsr:@std/jsonc@1",
          "jsr:@std/media-types@1",
          "jsr:@std/path@1",
          "jsr:@std/yaml@1",
          "npm:@mdx-js/mdx@3",
          "npm:effect@^3.22.0",
          "npm:esbuild@0.24",
          "npm:sass@^1.80.0",
          "npm:ws@8"
        ]
      },
      "jsr:@denext/effect@0.1.0": {
        "dependencies": [
          "jsr:@denext/denext@^3.0.2",
          "npm:effect@^3.22.0"
        ]
      },
      "jsr:@denext/graphql@0.2.0": {
        "dependencies": [
          "jsr:@denext/denext@^3.0.2",
          "jsr:@std/path@1",
          "npm:graphql-yoga@^5.10.0",
          "npm:graphql@^16.9.0"
        ]
      },
      "jsr:@denext/htmx@2.0.11": {
        "dependencies": [
          "jsr:@denext/denext@^3.0.2",
          "jsr:@std/path@1"
        ]
      },
      "jsr:@denext/lightningcss@1.0.0-rc.72": {},
      "jsr:@denext/og@0.1.1": {},
      "jsr:@denext/openapi@0.3.0": {
        "dependencies": [
          "jsr:@denext/denext@^3.0.2",
          "jsr:@std/path@1"
        ]
      },
      "jsr:@denext/pages-router@0.10.0": {
        "dependencies": [
          "jsr:@denext/denext@^3.0.2",
          "jsr:@std/path@1"
        ]
      },
      "jsr:@denext/photon@0.3.6": {},
      "jsr:@denext/react-router@0.1.1": {
        "dependencies": [
          "jsr:@denext/denext@^3.0.2",
          "jsr:@std/fs@1",
          "jsr:@std/path@1"
        ]
      },
      "jsr:@denext/swc@76.0.1": {}
    }
  }
}
